
Microsoft Visual Studio Solution File, Format Version 12.00
# Visual Studio Version 16
VisualStudioVersion = 16.0.29409.12
MinimumVisualStudioVersion = 10.0.40219.1
Project("{FAE04EC0-301F-11D3-BF4B-00C04F79EFBC}") = "BiddingMaintenance_SQL", "BiddingMaintenance_SQL.csproj", "{2E313F45-91A5-475E-B3EB-4F97B5AA75D6}"
EndProject
Project("{FAE04EC0-301F-11D3-BF4B-00C04F79EFBC}") = "xBiddingMaintenance_1", "..\xBiddingMaintenance_1\xBiddingMaintenance_1.csproj", "{AB139729-021B-4502-A436-9CF70AA76399}"
EndProject
Global
	GlobalSection(SolutionConfigurationPlatforms) = preSolution
		Debug|Any CPU = Debug|Any CPU
		Release|Any CPU = Release|Any CPU
	EndGlobalSection
	GlobalSection(ProjectConfigurationPlatforms) = postSolution
		{2E313F45-91A5-475E-B3EB-4F97B5AA75D6}.Debug|Any CPU.ActiveCfg = Debug|Any CPU
		{2E313F45-91A5-475E-B3EB-4F97B5AA75D6}.Debug|Any CPU.Build.0 = Debug|Any CPU
		{2E313F45-91A5-475E-B3EB-4F97B5AA75D6}.Release|Any CPU.ActiveCfg = Release|Any CPU
		{2E313F45-91A5-475E-B3EB-4F97B5AA75D6}.Release|Any CPU.Build.0 = Release|Any CPU
		{AB139729-021B-4502-A436-9CF70AA76399}.Debug|Any CPU.ActiveCfg = Debug|Any CPU
		{AB139729-021B-4502-A436-9CF70AA76399}.Debug|Any CPU.Build.0 = Debug|Any CPU
		{AB139729-021B-4502-A436-9CF70AA76399}.Release|Any CPU.ActiveCfg = Release|Any CPU
		{AB139729-021B-4502-A436-9CF70AA76399}.Release|Any CPU.Build.0 = Release|Any CPU
	EndGlobalSection
	GlobalSection(SolutionProperties) = preSolution
		HideSolutionNode = FALSE
	EndGlobalSection
	GlobalSection(ExtensibilityGlobals) = postSolution
		SolutionGuid = {0C3B5D39-ADEB-4AA7-9A95-EE2C2FA594D0}
	EndGlobalSection
EndGlobal
